
Microsoft Visual Studio Solution File, Format Version 12.00
# Visual Studio Version 16
VisualStudioVersion = 16.0.33328.57
MinimumVisualStudioVersion = 10.0.40219.1
Project("{FAE04EC0-301F-11D3-BF4B-00C04F79EFBC}") = "Hospital.API", "Hospital.API\Hospital.API.csproj", "{23AA869F-382F-4897-87D3-184AED3396EA}"
EndProject
Global
	GlobalSection(SolutionConfigurationPlatforms) = preSolution
		Debug|Any CPU = Debug|Any CPU
		Release|Any CPU = Release|Any CPU
	EndGlobalSection
	GlobalSection(ProjectConfigurationPlatforms) = postSolution
		{23AA869F-382F-4897-87D3-184AED3396EA}.Debug|Any CPU.ActiveCfg = Debug|Any CPU
		{23AA869F-382F-4897-87D3-184AED3396EA}.Debug|Any CPU.Build.0 = Debug|Any CPU
		{23AA869F-382F-4897-87D3-184AED3396EA}.Release|Any CPU.ActiveCfg = Release|Any CPU
		{23AA869F-382F-4897-87D3-184AED3396EA}.Release|Any CPU.Build.0 = Release|Any CPU
	EndGlobalSection
	GlobalSection(SolutionProperties) = preSolution
		HideSolutionNode = FALSE
	EndGlobalSection
	GlobalSection(ExtensibilityGlobals) = postSolution
		SolutionGuid = {E3A3D479-AED2-4F40-87A1-FA083E09FE53}
	EndGlobalSection
EndGlobal
